// !$*UTF8*$!
{
	archiveVersion = 1;
	classes = {
	};
	objectVersion = 56;
	objects = {

/* Begin PBXBuildFile section */
		42E879712FE8141000F4D3AC /* Colors.swift in Sources */ = {isa = PBXBuildFile; fileRef = 42E879562FE8141000F4D3AC /* Colors.swift */; };
		42E879722FE8141000F4D3AC /* LaunchListData.swift in Sources */ = {isa = PBXBuildFile; fileRef = 42E8794E2FE8141000F4D3AC /* LaunchListData.swift */; };
		42E879732FE8141000F4D3AC /* CardView.swift in Sources */ = {isa = PBXBuildFile; fileRef = 42E8792B2FE8141000F4D3AC /* CardView.swift */; };
		42E879742FE8141000F4D3AC /* CachedImage.swift in Sources */ = {isa = PBXBuildFile; fileRef = 42E8795E2FE8141000F4D3AC /* CachedImage.swift */; };
		42E879752FE8141000F4D3AC /* Links.swift in Sources */ = {isa = PBXBuildFile; fileRef = 42E8794F2FE8141000F4D3AC /* Links.swift */; };
		42E879762FE8141000F4D3AC /* BookmarksView.swift in Sources */ = {isa = PBXBuildFile; fileRef = 42E879262FE8141000F4D3AC /* BookmarksView.swift */; };
		42E879772FE8141000F4D3AC /* GetMissions.swift in Sources */ = {isa = PBXBuildFile; fileRef = 42E8795A2FE8141000F4D3AC /* GetMissions.swift */; };
		42E879782FE8141000F4D3AC /* NetworkManager.swift in Sources */ = {isa = PBXBuildFile; fileRef = 42E879662FE8141000F4D3AC /* NetworkManager.swift */; };
		42E879792FE8141000F4D3AC /* ImageCache.swift in Sources */ = {isa = PBXBuildFile; fileRef = 42E879602FE8141000F4D3AC /* ImageCache.swift */; };
		42E8797A2FE8141000F4D3AC /* Patch.swift in Sources */ = {isa = PBXBuildFile; fileRef = 42E879502FE8141000F4D3AC /* Patch.swift */; };
		42E8797B2FE8141000F4D3AC /* CachedImageManager.swift in Sources */ = {isa = PBXBuildFile; fileRef = 42E8795F2FE8141000F4D3AC /* CachedImageManager.swift */; };
		42E8797C2FE8141000F4D3AC /* Cardify.swift in Sources */ = {isa = PBXBuildFile; fileRef = 42E879302FE8141000F4D3AC /* Cardify.swift */; };
		42E8797D2FE8141000F4D3AC /* CrewMember.swift in Sources */ = {isa = PBXBuildFile; fileRef = 42E879492FE8141000F4D3AC /* CrewMember.swift */; };
		42E8797E2FE8141000F4D3AC /* ContentView.swift in Sources */ = {isa = PBXBuildFile; fileRef = 42E879432FE8141000F4D3AC /* ContentView.swift */; };
		42E8797F2FE8141000F4D3AC /* ShuttlesViewModel.swift in Sources */ = {isa = PBXBuildFile; fileRef = 42E8793C2FE8141000F4D3AC /* ShuttlesViewModel.swift */; };
		42E879802FE8141000F4D3AC /* ImageFetcher.swift in Sources */ = {isa = PBXBuildFile; fileRef = 42E879612FE8141000F4D3AC /* ImageFetcher.swift */; };
		42E879812FE8141000F4D3AC /* DetailView.swift in Sources */ = {isa = PBXBuildFile; fileRef = 42E879352FE8141000F4D3AC /* DetailView.swift */; };
		42E879822FE8141000F4D3AC /* Failure.swift in Sources */ = {isa = PBXBuildFile; fileRef = 42E8794A2FE8141000F4D3AC /* Failure.swift */; };
		42E879832FE8141000F4D3AC /* BookmarkDataService.swift in Sources */ = {isa = PBXBuildFile; fileRef = 42E879582FE8141000F4D3AC /* BookmarkDataService.swift */; };
		42E879842FE8141000F4D3AC /* Launch.swift in Sources */ = {isa = PBXBuildFile; fileRef = 42E8794D2FE8141000F4D3AC /* Launch.swift */; };
		42E879852FE8141000F4D3AC /* Reddit.swift in Sources */ = {isa = PBXBuildFile; fileRef = 42E879512FE8141000F4D3AC /* Reddit.swift */; };
		42E879862FE8141000F4D3AC /* CrewList.swift in Sources */ = {isa = PBXBuildFile; fileRef = 42E879482FE8141000F4D3AC /* CrewList.swift */; };
		42E879872FE8141000F4D3AC /* BookmarksViewModel.swift in Sources */ = {isa = PBXBuildFile; fileRef = 42E879282FE8141000F4D3AC /* BookmarksViewModel.swift */; };
		42E879882FE8141000F4D3AC /* Core.swift in Sources */ = {isa = PBXBuildFile; fileRef = 42E879472FE8141000F4D3AC /* Core.swift */; };
		42E879892FE8141000F4D3AC /* RequestManager.swift in Sources */ = {isa = PBXBuildFile; fileRef = 42E879672FE8141000F4D3AC /* RequestManager.swift */; };
		42E8798A2FE8141000F4D3AC /* DetailCellView.swift in Sources */ = {isa = PBXBuildFile; fileRef = 42E879312FE8141000F4D3AC /* DetailCellView.swift */; };
		42E8798B2FE8141000F4D3AC /* SearchBarView.swift in Sources */ = {isa = PBXBuildFile; fileRef = 42E879332FE8141000F4D3AC /* SearchBarView.swift */; };
		42E8798C2FE8141000F4D3AC /* Fairings.swift in Sources */ = {isa = PBXBuildFile; fileRef = 42E8794B2FE8141000F4D3AC /* Fairings.swift */; };
		42E8798D2FE8141000F4D3AC /* APIConstants.swift in Sources */ = {isa = PBXBuildFile; fileRef = 42E879632FE8141000F4D3AC /* APIConstants.swift */; };
		42E8798E2FE8141000F4D3AC /* BookmarkContainer.xcdatamodeld in Sources */ = {isa = PBXBuildFile; fileRef = 42E879462FE8141000F4D3AC /* BookmarkContainer.xcdatamodeld */; };
		42E8798F2FE8141000F4D3AC /* HomeView.swift in Sources */ = {isa = PBXBuildFile; fileRef = 42E8793A2FE8141000F4D3AC /* HomeView.swift */; };
		42E879902FE8141000F4D3AC /* CardViewModel.swift in Sources */ = {isa = PBXBuildFile; fileRef = 42E8792D2FE8141000F4D3AC /* CardViewModel.swift */; };
		42E879912FE8141000F4D3AC /* GetCrews.swift in Sources */ = {isa = PBXBuildFile; fileRef = 42E879592FE8141000F4D3AC /* GetCrews.swift */; };
		42E879922FE8141000F4D3AC /* SpaceXApp.swift in Sources */ = {isa = PBXBuildFile; fileRef = 42E8796E2FE8141000F4D3AC /* SpaceXApp.swift */; };
		42E879932FE8141000F4D3AC /* SplashView.swift in Sources */ = {isa = PBXBuildFile; fileRef = 42E879412FE8141000F4D3AC /* SplashView.swift */; };
		42E879942FE8141000F4D3AC /* DetailViewModel.swift in Sources */ = {isa = PBXBuildFile; fileRef = 42E879372FE8141000F4D3AC /* DetailViewModel.swift */; };
		42E879952FE8141000F4D3AC /* ImageSlider.swift in Sources */ = {isa = PBXBuildFile; fileRef = 42E879322FE8141000F4D3AC /* ImageSlider.swift */; };
		42E879962FE8141000F4D3AC /* UserDefaults.swift in Sources */ = {isa = PBXBuildFile; fileRef = 42E879692FE8141000F4D3AC /* UserDefaults.swift */; };
		42E879972FE8141000F4D3AC /* SearchMissions.swift in Sources */ = {isa = PBXBuildFile; fileRef = 42E8795C2FE8141000F4D3AC /* SearchMissions.swift */; };
		42E879982FE8141000F4D3AC /* Flickr.swift in Sources */ = {isa = PBXBuildFile; fileRef = 42E8794C2FE8141000F4D3AC /* Flickr.swift */; };
		42E879992FE8141000F4D3AC /* DataParser.swift in Sources */ = {isa = PBXBuildFile; fileRef = 42E879652FE8141000F4D3AC /* DataParser.swift */; };
		42E8799A2FE8141000F4D3AC /* LaunchScreenStateManager.swift in Sources */ = {isa = PBXBuildFile; fileRef = 42E8793F2FE8141000F4D3AC /* LaunchScreenStateManager.swift */; };
		42E8799B2FE8141000F4D3AC /* LaunchesDataSource.swift in Sources */ = {isa = PBXBuildFile; fileRef = 42E8795B2FE8141000F4D3AC /* LaunchesDataSource.swift */; };
		42E8799C2FE8141000F4D3AC /* APIManager.swift in Sources */ = {isa = PBXBuildFile; fileRef = 42E879642FE8141000F4D3AC /* APIManager.swift */; };
		42E8799D2FE8141000F4D3AC /* Preview Assets.xcassets in Resources */ = {isa = PBXBuildFile; fileRef = 42E879532FE8141000F4D3AC /* Preview Assets.xcassets */; };
		42E8799E2FE8141000F4D3AC /* SplashScreen.storyboard in Resources */ = {isa = PBXBuildFile; fileRef = 42E879402FE8141000F4D3AC /* SplashScreen.storyboard */; };
		42E879A02FE8141000F4D3AC /* Assets.xcassets in Resources */ = {isa = PBXBuildFile; fileRef = 42E879552FE8141000F4D3AC /* Assets.xcassets */; };
		42E879A42FE8159C00F4D3AC /* NetworkError.swift in Sources */ = {isa = PBXBuildFile; fileRef = 42E879A32FE8159C00F4D3AC /* NetworkError.swift */; };
		42E879A62FE8159C00F4D3AC /* LaunchRepository.swift in Sources */ = {isa = PBXBuildFile; fileRef = 42E879A52FE8159C00F4D3AC /* LaunchRepository.swift */; };
		9D51DC9A2A4ABA5000A29D4D /* SpaceXTests.swift in Sources */ = {isa = PBXBuildFile; fileRef = 9D51DC992A4ABA5000A29D4D /* SpaceXTests.swift */; };
		9D51DCA42A4ABA5000A29D4D /* SpaceXUITests.swift in Sources */ = {isa = PBXBuildFile; fileRef = 9D51DCA32A4ABA5000A29D4D /* SpaceXUITests.swift */; };
		9D51DCA62A4ABA5000A29D4D /* SpaceXUITestsLaunchTests.swift in Sources */ = {isa = PBXBuildFile; fileRef = 9D51DCA52A4ABA5000A29D4D /* SpaceXUITestsLaunchTests.swift */; };
/* End PBXBuildFile section */

/* Begin PBXContainerItemProxy section */
		9D51DC962A4ABA5000A29D4D /* PBXContainerItemProxy */ = {
			isa = PBXContainerItemProxy;
			containerPortal = 9D51DC7C2A4ABA4D00A29D4D /* Project object */;
			proxyType = 1;
			remoteGlobalIDString = 9D51DC832A4ABA4D00A29D4D;
			remoteInfo = SpaceX;
		};
		9D51DCA02A4ABA5000A29D4D /* PBXContainerItemProxy */ = {
			isa = PBXContainerItemProxy;
			containerPortal = 9D51DC7C2A4ABA4D00A29D4D /* Project object */;
			proxyType = 1;
			remoteGlobalIDString = 9D51DC832A4ABA4D00A29D4D;
			remoteInfo = SpaceX;
		};
/* End PBXContainerItemProxy section */

/* Begin PBXFileReference section */
		42E879262FE8141000F4D3AC /* BookmarksView.swift */ = {isa = PBXFileReference; lastKnownFileType = sourcecode.swift; path = BookmarksView.swift; sourceTree = "<group>"; };
		42E879282FE8141000F4D3AC /* BookmarksViewModel.swift */ = {isa = PBXFileReference; lastKnownFileType = sourcecode.swift; path = BookmarksViewModel.swift; sourceTree = "<group>"; };
		42E8792B2FE8141000F4D3AC /* CardView.swift */ = {isa = PBXFileReference; lastKnownFileType = sourcecode.swift; path = CardView.swift; sourceTree = "<group>"; };
		42E8792D2FE8141000F4D3AC /* CardViewModel.swift */ = {isa = PBXFileReference; lastKnownFileType = sourcecode.swift; path = CardViewModel.swift; sourceTree = "<group>"; };
		42E879302FE8141000F4D3AC /* Cardify.swift */ = {isa = PBXFileReference; lastKnownFileType = sourcecode.swift; path = Cardify.swift; sourceTree = "<group>"; };
		42E879312FE8141000F4D3AC /* DetailCellView.swift */ = {isa = PBXFileReference; lastKnownFileType = sourcecode.swift; path = DetailCellView.swift; sourceTree = "<group>"; };
		42E879322FE8141000F4D3AC /* ImageSlider.swift */ = {isa = PBXFileReference; lastKnownFileType = sourcecode.swift; path = ImageSlider.swift; sourceTree = "<group>"; };
		42E879332FE8141000F4D3AC /* SearchBarView.swift */ = {isa = PBXFileReference; lastKnownFileType = sourcecode.swift; path = SearchBarView.swift; sourceTree = "<group>"; };
		42E879352FE8141000F4D3AC /* DetailView.swift */ = {isa = PBXFileReference; lastKnownFileType = sourcecode.swift; path = DetailView.swift; sourceTree = "<group>"; };
		42E879372FE8141000F4D3AC /* DetailViewModel.swift */ = {isa = PBXFileReference; lastKnownFileType = sourcecode.swift; path = DetailViewModel.swift; sourceTree = "<group>"; };
		42E8793A2FE8141000F4D3AC /* HomeView.swift */ = {isa = PBXFileReference; lastKnownFileType = sourcecode.swift; path = HomeView.swift; sourceTree = "<group>"; };
		42E8793C2FE8141000F4D3AC /* ShuttlesViewModel.swift */ = {isa = PBXFileReference; lastKnownFileType = sourcecode.swift; path = ShuttlesViewModel.swift; sourceTree = "<group>"; };
		42E8793F2FE8141000F4D3AC /* LaunchScreenStateManager.swift */ = {isa = PBXFileReference; lastKnownFileType = sourcecode.swift; path = LaunchScreenStateManager.swift; sourceTree = "<group>"; };
		42E879402FE8141000F4D3AC /* SplashScreen.storyboard */ = {isa = PBXFileReference; lastKnownFileType = file.storyboard; path = SplashScreen.storyboard; sourceTree = "<group>"; };
		42E879412FE8141000F4D3AC /* SplashView.swift */ = {isa = PBXFileReference; lastKnownFileType = sourcecode.swift; path = SplashView.swift; sourceTree = "<group>"; };
		42E879432FE8141000F4D3AC /* ContentView.swift */ = {isa = PBXFileReference; lastKnownFileType = sourcecode.swift; path = ContentView.swift; sourceTree = "<group>"; };
		42E879472FE8141000F4D3AC /* Core.swift */ = {isa = PBXFileReference; lastKnownFileType = sourcecode.swift; path = Core.swift; sourceTree = "<group>"; };
		42E879482FE8141000F4D3AC /* CrewList.swift */ = {isa = PBXFileReference; lastKnownFileType = sourcecode.swift; path = CrewList.swift; sourceTree = "<group>"; };
		42E879492FE8141000F4D3AC /* CrewMember.swift */ = {isa = PBXFileReference; lastKnownFileType = sourcecode.swift; path = CrewMember.swift; sourceTree = "<group>"; };
		42E8794A2FE8141000F4D3AC /* Failure.swift */ = {isa = PBXFileReference; lastKnownFileType = sourcecode.swift; path = Failure.swift; sourceTree = "<group>"; };
		42E8794B2FE8141000F4D3AC /* Fairings.swift */ = {isa = PBXFileReference; lastKnownFileType = sourcecode.swift; path = Fairings.swift; sourceTree = "<group>"; };
		42E8794C2FE8141000F4D3AC /* Flickr.swift */ = {isa = PBXFileReference; lastKnownFileType = sourcecode.swift; path = Flickr.swift; sourceTree = "<group>"; };
		42E8794D2FE8141000F4D3AC /* Launch.swift */ = {isa = PBXFileReference; lastKnownFileType = sourcecode.swift; path = Launch.swift; sourceTree = "<group>"; };
		42E8794E2FE8141000F4D3AC /* LaunchListData.swift */ = {isa = PBXFileReference; lastKnownFileType = sourcecode.swift; path = LaunchListData.swift; sourceTree = "<group>"; };
		42E8794F2FE8141000F4D3AC /* Links.swift */ = {isa = PBXFileReference; lastKnownFileType = sourcecode.swift; path = Links.swift; sourceTree = "<group>"; };
		42E879502FE8141000F4D3AC /* Patch.swift */ = {isa = PBXFileReference; lastKnownFileType = sourcecode.swift; path = Patch.swift; sourceTree = "<group>"; };
		42E879512FE8141000F4D3AC /* Reddit.swift */ = {isa = PBXFileReference; lastKnownFileType = sourcecode.swift; path = Reddit.swift; sourceTree = "<group>"; };
		42E879532FE8141000F4D3AC /* Preview Assets.xcassets */ = {isa = PBXFileReference; lastKnownFileType = folder.assetcatalog; path = "Preview Assets.xcassets"; sourceTree = "<group>"; };
		42E879552FE8141000F4D3AC /* Assets.xcassets */ = {isa = PBXFileReference; lastKnownFileType = folder.assetcatalog; path = Assets.xcassets; sourceTree = "<group>"; };
		42E879562FE8141000F4D3AC /* Colors.swift */ = {isa = PBXFileReference; lastKnownFileType = sourcecode.swift; path = Colors.swift; sourceTree = "<group>"; };
		42E879582FE8141000F4D3AC /* BookmarkDataService.swift */ = {isa = PBXFileReference; lastKnownFileType = sourcecode.swift; path = BookmarkDataService.swift; sourceTree = "<group>"; };
		42E879592FE8141000F4D3AC /* GetCrews.swift */ = {isa = PBXFileReference; lastKnownFileType = sourcecode.swift; path = GetCrews.swift; sourceTree = "<group>"; };
		42E8795A2FE8141000F4D3AC /* GetMissions.swift */ = {isa = PBXFileReference; lastKnownFileType = sourcecode.swift; path = GetMissions.swift; sourceTree = "<group>"; };
		42E8795B2FE8141000F4D3AC /* LaunchesDataSource.swift */ = {isa = PBXFileReference; lastKnownFileType = sourcecode.swift; path = LaunchesDataSource.swift; sourceTree = "<group>"; };
		42E8795C2FE8141000F4D3AC /* SearchMissions.swift */ = {isa = PBXFileReference; lastKnownFileType = sourcecode.swift; path = SearchMissions.swift; sourceTree = "<group>"; };
		42E8795E2FE8141000F4D3AC /* CachedImage.swift */ = {isa = PBXFileReference; lastKnownFileType = sourcecode.swift; path = CachedImage.swift; sourceTree = "<group>"; };
		42E8795F2FE8141000F4D3AC /* CachedImageManager.swift */ = {isa = PBXFileReference; lastKnownFileType = sourcecode.swift; path = CachedImageManager.swift; sourceTree = "<group>"; };
		42E879602FE8141000F4D3AC /* ImageCache.swift */ = {isa = PBXFileReference; lastKnownFileType = sourcecode.swift; path = ImageCache.swift; sourceTree = "<group>"; };
		42E879612FE8141000F4D3AC /* ImageFetcher.swift */ = {isa = PBXFileReference; lastKnownFileType = sourcecode.swift; path = ImageFetcher.swift; sourceTree = "<group>"; };
		42E879632FE8141000F4D3AC /* APIConstants.swift */ = {isa = PBXFileReference; lastKnownFileType = sourcecode.swift; path = APIConstants.swift; sourceTree = "<group>"; };
		42E879642FE8141000F4D3AC /* APIManager.swift */ = {isa = PBXFileReference; lastKnownFileType = sourcecode.swift; path = APIManager.swift; sourceTree = "<group>"; };
		42E879652FE8141000F4D3AC /* DataParser.swift */ = {isa = PBXFileReference; lastKnownFileType = sourcecode.swift; path = DataParser.swift; sourceTree = "<group>"; };
		42E879662FE8141000F4D3AC /* NetworkManager.swift */ = {isa = PBXFileReference; lastKnownFileType = sourcecode.swift; path = NetworkManager.swift; sourceTree = "<group>"; };
		42E879672FE8141000F4D3AC /* RequestManager.swift */ = {isa = PBXFileReference; lastKnownFileType = sourcecode.swift; path = RequestManager.swift; sourceTree = "<group>"; };
		42E879692FE8141000F4D3AC /* UserDefaults.swift */ = {isa = PBXFileReference; lastKnownFileType = sourcecode.swift; path = UserDefaults.swift; sourceTree = "<group>"; };
		42E8796C2FE8141000F4D3AC /* Info.plist */ = {isa = PBXFileReference; lastKnownFileType = text.plist.xml; path = Info.plist; sourceTree = "<group>"; };
		42E8796D2FE8141000F4D3AC /* SpaceX.entitlements */ = {isa = PBXFileReference; lastKnownFileType = text.plist.entitlements; path = SpaceX.entitlements; sourceTree = "<group>"; };
		42E8796E2FE8141000F4D3AC /* SpaceXApp.swift */ = {isa = PBXFileReference; lastKnownFileType = sourcecode.swift; path = SpaceXApp.swift; sourceTree = "<group>"; };
		42E879702FE8141000F4D3AC /* BookmarkContainer.xcdatamodel */ = {isa = PBXFileReference; lastKnownFileType = wrapper.xcdatamodel; path = BookmarkContainer.xcdatamodel; sourceTree = "<group>"; };
		42E879A32FE8159C00F4D3AC /* NetworkError.swift */ = {isa = PBXFileReference; lastKnownFileType = sourcecode.swift; path = NetworkError.swift; sourceTree = "<group>"; };
		42E879A52FE8159C00F4D3AC /* LaunchRepository.swift */ = {isa = PBXFileReference; lastKnownFileType = sourcecode.swift; path = LaunchRepository.swift; sourceTree = "<group>"; };
		9D51DC842A4ABA4D00A29D4D /* SpaceX.app */ = {isa = PBXFileReference; explicitFileType = wrapper.application; includeInIndex = 0; path = SpaceX.app; sourceTree = BUILT_PRODUCTS_DIR; };
		9D51DC952A4ABA5000A29D4D /* SpaceXTests.xctest */ = {isa = PBXFileReference; explicitFileType = wrapper.cfbundle; includeInIndex = 0; path = SpaceXTests.xctest; sourceTree = BUILT_PRODUCTS_DIR; };
		9D51DC992A4ABA5000A29D4D /* SpaceXTests.swift */ = {isa = PBXFileReference; lastKnownFileType = sourcecode.swift; path = SpaceXTests.swift; sourceTree = "<group>"; };
		9D51DC9F2A4ABA5000A29D4D /* SpaceXUITests.xctest */ = {isa = PBXFileReference; explicitFileType = wrapper.cfbundle; includeInIndex = 0; path = SpaceXUITests.xctest; sourceTree = BUILT_PRODUCTS_DIR; };
		9D51DCA32A4ABA5000A29D4D /* SpaceXUITests.swift */ = {isa = PBXFileReference; lastKnownFileType = sourcecode.swift; path = SpaceXUITests.swift; sourceTree = "<group>"; };
		9D51DCA52A4ABA5000A29D4D /* SpaceXUITestsLaunchTests.swift */ = {isa = PBXFileReference; lastKnownFileType = sourcecode.swift; path = SpaceXUITestsLaunchTests.swift; sourceTree = "<group>"; };
/* End PBXFileReference section */

/* Begin PBXFrameworksBuildPhase section */
		9D51DC812A4ABA4D00A29D4D /* Frameworks */ = {
			isa = PBXFrameworksBuildPhase;
			buildActionMask = 2147483647;
			files = (
			);
			runOnlyForDeploymentPostprocessing = 0;
		};
		9D51DC922A4ABA5000A29D4D /* Frameworks */ = {
			isa = PBXFrameworksBuildPhase;
			buildActionMask = 2147483647;
			files = (
			);
			runOnlyForDeploymentPostprocessing = 0;
		};
		9D51DC9C2A4ABA5000A29D4D /* Frameworks */ = {
			isa = PBXFrameworksBuildPhase;
			buildActionMask = 2147483647;
			files = (
			);
			runOnlyForDeploymentPostprocessing = 0;
		};
/* End PBXFrameworksBuildPhase section */

/* Begin PBXGroup section */
		42E879272FE8141000F4D3AC /* View */ = {
			isa = PBXGroup;
			children = (
				42E879262FE8141000F4D3AC /* BookmarksView.swift */,
			);
			path = View;
			sourceTree = "<group>";
		};
		42E879292FE8141000F4D3AC /* View Model */ = {
			isa = PBXGroup;
			children = (
				42E879282FE8141000F4D3AC /* BookmarksViewModel.swift */,
			);
			path = "View Model";
			sourceTree = "<group>";
		};
		42E8792A2FE8141000F4D3AC /* Bookmark */ = {
			isa = PBXGroup;
			children = (
				42E879272FE8141000F4D3AC /* View */,
				42E879292FE8141000F4D3AC /* View Model */,
			);
			path = Bookmark;
			sourceTree = "<group>";
		};
		42E8792C2FE8141000F4D3AC /* View */ = {
			isa = PBXGroup;
			children = (
				42E8792B2FE8141000F4D3AC /* CardView.swift */,
			);
			path = View;
			sourceTree = "<group>";
		};
		42E8792E2FE8141000F4D3AC /* ViewModel */ = {
			isa = PBXGroup;
			children = (
				42E8792D2FE8141000F4D3AC /* CardViewModel.swift */,
			);
			path = ViewModel;
			sourceTree = "<group>";
		};
		42E8792F2FE8141000F4D3AC /* Card */ = {
			isa = PBXGroup;
			children = (
				42E8792C2FE8141000F4D3AC /* View */,
				42E8792E2FE8141000F4D3AC /* ViewModel */,
			);
			path = Card;
			sourceTree = "<group>";
		};
		42E879342FE8141000F4D3AC /* Components */ = {
			isa = PBXGroup;
			children = (
				42E879302FE8141000F4D3AC /* Cardify.swift */,
				42E879312FE8141000F4D3AC /* DetailCellView.swift */,
				42E879322FE8141000F4D3AC /* ImageSlider.swift */,
				42E879332FE8141000F4D3AC /* SearchBarView.swift */,
			);
			path = Components;
			sourceTree = "<group>";
		};
		42E879362FE8141000F4D3AC /* View */ = {
			isa = PBXGroup;
			children = (
				42E879352FE8141000F4D3AC /* DetailView.swift */,
			);
			path = View;
			sourceTree = "<group>";
		};
		42E879382FE8141000F4D3AC /* View Model */ = {
			isa = PBXGroup;
			children = (
				42E879372FE8141000F4D3AC /* DetailViewModel.swift */,
			);
			path = "View Model";
			sourceTree = "<group>";
		};
		42E879392FE8141000F4D3AC /* Detail */ = {
			isa = PBXGroup;
			children = (
				42E879362FE8141000F4D3AC /* View */,
				42E879382FE8141000F4D3AC /* View Model */,
			);
			path = Detail;
			sourceTree = "<group>";
		};
		42E8793B2FE8141000F4D3AC /* View */ = {
			isa = PBXGroup;
			children = (
				42E8793A2FE8141000F4D3AC /* HomeView.swift */,
			);
			path = View;
			sourceTree = "<group>";
		};
		42E8793D2FE8141000F4D3AC /* View Model */ = {
			isa = PBXGroup;
			children = (
				42E8793C2FE8141000F4D3AC /* ShuttlesViewModel.swift */,
			);
			path = "View Model";
			sourceTree = "<group>";
		};
		42E8793E2FE8141000F4D3AC /* Home */ = {
			isa = PBXGroup;
			children = (
				42E8793B2FE8141000F4D3AC /* View */,
				42E8793D2FE8141000F4D3AC /* View Model */,
			);
			path = Home;
			sourceTree = "<group>";
		};
		42E879422FE8141000F4D3AC /* Launch */ = {
			isa = PBXGroup;
			children = (
				42E8793F2FE8141000F4D3AC /* LaunchScreenStateManager.swift */,
				42E879402FE8141000F4D3AC /* SplashScreen.storyboard */,
				42E879412FE8141000F4D3AC /* SplashView.swift */,
			);
			path = Launch;
			sourceTree = "<group>";
		};
		42E879442FE8141000F4D3AC /* Root */ = {
			isa = PBXGroup;
			children = (
				42E879432FE8141000F4D3AC /* ContentView.swift */,
			);
			path = Root;
			sourceTree = "<group>";
		};
		42E879452FE8141000F4D3AC /* Core */ = {
			isa = PBXGroup;
			children = (
				42E8792A2FE8141000F4D3AC /* Bookmark */,
				42E8792F2FE8141000F4D3AC /* Card */,
				42E879342FE8141000F4D3AC /* Components */,
				42E879392FE8141000F4D3AC /* Detail */,
				42E8793E2FE8141000F4D3AC /* Home */,
				42E879422FE8141000F4D3AC /* Launch */,
				42E879442FE8141000F4D3AC /* Root */,
			);
			path = Core;
			sourceTree = "<group>";
		};
		42E879522FE8141000F4D3AC /* Model */ = {
			isa = PBXGroup;
			children = (
				42E879462FE8141000F4D3AC /* BookmarkContainer.xcdatamodeld */,
				42E879472FE8141000F4D3AC /* Core.swift */,
				42E879482FE8141000F4D3AC /* CrewList.swift */,
				42E879492FE8141000F4D3AC /* CrewMember.swift */,
				42E8794A2FE8141000F4D3AC /* Failure.swift */,
				42E8794B2FE8141000F4D3AC /* Fairings.swift */,
				42E8794C2FE8141000F4D3AC /* Flickr.swift */,
				42E8794D2FE8141000F4D3AC /* Launch.swift */,
				42E8794E2FE8141000F4D3AC /* LaunchListData.swift */,
				42E8794F2FE8141000F4D3AC /* Links.swift */,
				42E879502FE8141000F4D3AC /* Patch.swift */,
				42E879512FE8141000F4D3AC /* Reddit.swift */,
			);
			path = Model;
			sourceTree = "<group>";
		};
		42E879542FE8141000F4D3AC /* Preview Content */ = {
			isa = PBXGroup;
			children = (
				42E879532FE8141000F4D3AC /* Preview Assets.xcassets */,
			);
			path = "Preview Content";
			sourceTree = "<group>";
		};
		42E879572FE8141000F4D3AC /* Resources */ = {
			isa = PBXGroup;
			children = (
				42E879552FE8141000F4D3AC /* Assets.xcassets */,
				42E879562FE8141000F4D3AC /* Colors.swift */,
			);
			path = Resources;
			sourceTree = "<group>";
		};
		42E8795D2FE8141000F4D3AC /* Services */ = {
			isa = PBXGroup;
			children = (
				42E879582FE8141000F4D3AC /* BookmarkDataService.swift */,
				42E879592FE8141000F4D3AC /* GetCrews.swift */,
				42E8795A2FE8141000F4D3AC /* GetMissions.swift */,
				42E879A52FE8159C00F4D3AC /* LaunchRepository.swift */,
				42E8795B2FE8141000F4D3AC /* LaunchesDataSource.swift */,
				42E8795C2FE8141000F4D3AC /* SearchMissions.swift */,
			);
			path = Services;
			sourceTree = "<group>";
		};
		42E879622FE8141000F4D3AC /* CachedImage */ = {
			isa = PBXGroup;
			children = (
				42E8795E2FE8141000F4D3AC /* CachedImage.swift */,
				42E8795F2FE8141000F4D3AC /* CachedImageManager.swift */,
				42E879602FE8141000F4D3AC /* ImageCache.swift */,
				42E879612FE8141000F4D3AC /* ImageFetcher.swift */,
			);
			path = CachedImage;
			sourceTree = "<group>";
		};
		42E879682FE8141000F4D3AC /* Network */ = {
			isa = PBXGroup;
			children = (
				42E879632FE8141000F4D3AC /* APIConstants.swift */,
				42E879642FE8141000F4D3AC /* APIManager.swift */,
				42E879652FE8141000F4D3AC /* DataParser.swift */,
				42E879662FE8141000F4D3AC /* NetworkManager.swift */,
				42E879A32FE8159C00F4D3AC /* NetworkError.swift */,
				42E879672FE8141000F4D3AC /* RequestManager.swift */,
			);
			path = Network;
			sourceTree = "<group>";
		};
		42E8796A2FE8141000F4D3AC /* Presistor */ = {
			isa = PBXGroup;
			children = (
				42E879692FE8141000F4D3AC /* UserDefaults.swift */,
			);
			path = Presistor;
			sourceTree = "<group>";
		};
		42E8796B2FE8141000F4D3AC /* Utills */ = {
			isa = PBXGroup;
			children = (
				42E879622FE8141000F4D3AC /* CachedImage */,
				42E879682FE8141000F4D3AC /* Network */,
				42E8796A2FE8141000F4D3AC /* Presistor */,
			);
			path = Utills;
			sourceTree = "<group>";
		};
		42E8796F2FE8141000F4D3AC /* SpaceX */ = {
			isa = PBXGroup;
			children = (
				42E879452FE8141000F4D3AC /* Core */,
				42E879522FE8141000F4D3AC /* Model */,
				42E879542FE8141000F4D3AC /* Preview Content */,
				42E879572FE8141000F4D3AC /* Resources */,
				42E8795D2FE8141000F4D3AC /* Services */,
				42E8796B2FE8141000F4D3AC /* Utills */,
				42E8796C2FE8141000F4D3AC /* Info.plist */,
				42E8796D2FE8141000F4D3AC /* SpaceX.entitlements */,
				42E8796E2FE8141000F4D3AC /* SpaceXApp.swift */,
			);
			path = SpaceX;
			sourceTree = SOURCE_ROOT;
		};
		9D51DC7B2A4ABA4D00A29D4D = {
			isa = PBXGroup;
			children = (
				42E8796F2FE8141000F4D3AC /* SpaceX */,
				9D51DC982A4ABA5000A29D4D /* SpaceXTests */,
				9D51DCA22A4ABA5000A29D4D /* SpaceXUITests */,
				9D51DC852A4ABA4D00A29D4D /* Products */,
			);
			sourceTree = "<group>";
		};
		9D51DC852A4ABA4D00A29D4D /* Products */ = {
			isa = PBXGroup;
			children = (
				9D51DC842A4ABA4D00A29D4D /* SpaceX.app */,
				9D51DC952A4ABA5000A29D4D /* SpaceXTests.xctest */,
				9D51DC9F2A4ABA5000A29D4D /* SpaceXUITests.xctest */,
			);
			name = Products;
			sourceTree = "<group>";
		};
		9D51DC982A4ABA5000A29D4D /* SpaceXTests */ = {
			isa = PBXGroup;
			children = (
				9D51DC992A4ABA5000A29D4D /* SpaceXTests.swift */,
			);
			path = SpaceXTests;
			sourceTree = "<group>";
		};
		9D51DCA22A4ABA5000A29D4D /* SpaceXUITests */ = {
			isa = PBXGroup;
			children = (
				9D51DCA32A4ABA5000A29D4D /* SpaceXUITests.swift */,
				9D51DCA52A4ABA5000A29D4D /* SpaceXUITestsLaunchTests.swift */,
			);
			path = SpaceXUITests;
			sourceTree = "<group>";
		};
/* End PBXGroup section */

/* Begin PBXNativeTarget section */
		9D51DC832A4ABA4D00A29D4D /* SpaceX */ = {
			isa = PBXNativeTarget;
			buildConfigurationList = 9D51DCA92A4ABA5000A29D4D /* Build configuration list for PBXNativeTarget "SpaceX" */;
			buildPhases = (
				9D51DC802A4ABA4D00A29D4D /* Sources */,
				9D51DC812A4ABA4D00A29D4D /* Frameworks */,
				9D51DC822A4ABA4D00A29D4D /* Resources */,
			);
			buildRules = (
			);
			dependencies = (
			);
			name = SpaceX;
			productName = SpaceX;
			productReference = 9D51DC842A4ABA4D00A29D4D /* SpaceX.app */;
			productType = "com.apple.product-type.application";
		};
		9D51DC942A4ABA5000A29D4D /* SpaceXTests */ = {
			isa = PBXNativeTarget;
			buildConfigurationList = 9D51DCAC2A4ABA5000A29D4D /* Build configuration list for PBXNativeTarget "SpaceXTests" */;
			buildPhases = (
				9D51DC912A4ABA5000A29D4D /* Sources */,
				9D51DC922A4ABA5000A29D4D /* Frameworks */,
				9D51DC932A4ABA5000A29D4D /* Resources */,
			);
			buildRules = (
			);
			dependencies = (
				9D51DC972A4ABA5000A29D4D /* PBXTargetDependency */,
			);
			name = SpaceXTests;
			productName = SpaceXTests;
			productReference = 9D51DC952A4ABA5000A29D4D /* SpaceXTests.xctest */;
			productType = "com.apple.product-type.bundle.unit-test";
		};
		9D51DC9E2A4ABA5000A29D4D /* SpaceXUITests */ = {
			isa = PBXNativeTarget;
			buildConfigurationList = 9D51DCAF2A4ABA5000A29D4D /* Build configuration list for PBXNativeTarget "SpaceXUITests" */;
			buildPhases = (
				9D51DC9B2A4ABA5000A29D4D /* Sources */,
				9D51DC9C2A4ABA5000A29D4D /* Frameworks */,
				9D51DC9D2A4ABA5000A29D4D /* Resources */,
			);
			buildRules = (
			);
			dependencies = (
				9D51DCA12A4ABA5000A29D4D /* PBXTargetDependency */,
			);
			name = SpaceXUITests;
			productName = SpaceXUITests;
			productReference = 9D51DC9F2A4ABA5000A29D4D /* SpaceXUITests.xctest */;
			productType = "com.apple.product-type.bundle.ui-testing";
		};
/* End PBXNativeTarget section */

/* Begin PBXProject section */
		9D51DC7C2A4ABA4D00A29D4D /* Project object */ = {
			isa = PBXProject;
			attributes = {
				BuildIndependentTargetsInParallel = 1;
				LastSwiftUpdateCheck = 1500;
				LastUpgradeCheck = 1500;
				TargetAttributes = {
					9D51DC832A4ABA4D00A29D4D = {
						CreatedOnToolsVersion = 15.0;
					};
					9D51DC942A4ABA5000A29D4D = {
						CreatedOnToolsVersion = 15.0;
						TestTargetID = 9D51DC832A4ABA4D00A29D4D;
					};
					9D51DC9E2A4ABA5000A29D4D = {
						CreatedOnToolsVersion = 15.0;
						TestTargetID = 9D51DC832A4ABA4D00A29D4D;
					};
				};
			};
			buildConfigurationList = 9D51DC7F2A4ABA4D00A29D4D /* Build configuration list for PBXProject "SpaceX" */;
			compatibilityVersion = "Xcode 14.0";
			developmentRegion = en;
			hasScannedForEncodings = 0;
			knownRegions = (
				en,
				Base,
			);
			mainGroup = 9D51DC7B2A4ABA4D00A29D4D;
			productRefGroup = 9D51DC852A4ABA4D00A29D4D /* Products */;
			projectDirPath = "";
			projectRoot = "";
			targets = (
				9D51DC832A4ABA4D00A29D4D /* SpaceX */,
				9D51DC942A4ABA5000A29D4D /* SpaceXTests */,
				9D51DC9E2A4ABA5000A29D4D /* SpaceXUITests */,
			);
		};
/* End PBXProject section */

/* Begin PBXResourcesBuildPhase section */
		9D51DC822A4ABA4D00A29D4D /* Resources */ = {
			isa = PBXResourcesBuildPhase;
			buildActionMask = 2147483647;
			files = (
				42E8799D2FE8141000F4D3AC /* Preview Assets.xcassets in Resources */,
				42E8799E2FE8141000F4D3AC /* SplashScreen.storyboard in Resources */,
				42E879A02FE8141000F4D3AC /* Assets.xcassets in Resources */,
			);
			runOnlyForDeploymentPostprocessing = 0;
		};
		9D51DC932A4ABA5000A29D4D /* Resources */ = {
			isa = PBXResourcesBuildPhase;
			buildActionMask = 2147483647;
			files = (
			);
			runOnlyForDeploymentPostprocessing = 0;
		};
		9D51DC9D2A4ABA5000A29D4D /* Resources */ = {
			isa = PBXResourcesBuildPhase;
			buildActionMask = 2147483647;
			files = (
			);
			runOnlyForDeploymentPostprocessing = 0;
		};
/* End PBXResourcesBuildPhase section */

/* Begin PBXSourcesBuildPhase section */
		9D51DC802A4ABA4D00A29D4D /* Sources */ = {
			isa = PBXSourcesBuildPhase;
			buildActionMask = 2147483647;
			files = (
				42E879712FE8141000F4D3AC /* Colors.swift in Sources */,
				42E879722FE8141000F4D3AC /* LaunchListData.swift in Sources */,
				42E879732FE8141000F4D3AC /* CardView.swift in Sources */,
				42E879742FE8141000F4D3AC /* CachedImage.swift in Sources */,
				42E879752FE8141000F4D3AC /* Links.swift in Sources */,
				42E879762FE8141000F4D3AC /* BookmarksView.swift in Sources */,
				42E879772FE8141000F4D3AC /* GetMissions.swift in Sources */,
				42E879782FE8141000F4D3AC /* NetworkManager.swift in Sources */,
				42E879792FE8141000F4D3AC /* ImageCache.swift in Sources */,
				42E8797A2FE8141000F4D3AC /* Patch.swift in Sources */,
				42E8797B2FE8141000F4D3AC /* CachedImageManager.swift in Sources */,
				42E8797C2FE8141000F4D3AC /* Cardify.swift in Sources */,
				42E8797D2FE8141000F4D3AC /* CrewMember.swift in Sources */,
				42E8797E2FE8141000F4D3AC /* ContentView.swift in Sources */,
				42E8797F2FE8141000F4D3AC /* ShuttlesViewModel.swift in Sources */,
				42E879802FE8141000F4D3AC /* ImageFetcher.swift in Sources */,
				42E879812FE8141000F4D3AC /* DetailView.swift in Sources */,
				42E879822FE8141000F4D3AC /* Failure.swift in Sources */,
				42E879832FE8141000F4D3AC /* BookmarkDataService.swift in Sources */,
				42E879842FE8141000F4D3AC /* Launch.swift in Sources */,
				42E879852FE8141000F4D3AC /* Reddit.swift in Sources */,
				42E879862FE8141000F4D3AC /* CrewList.swift in Sources */,
				42E879872FE8141000F4D3AC /* BookmarksViewModel.swift in Sources */,
				42E879882FE8141000F4D3AC /* Core.swift in Sources */,
				42E879A42FE8159C00F4D3AC /* NetworkError.swift in Sources */,
				42E879892FE8141000F4D3AC /* RequestManager.swift in Sources */,
				42E8798A2FE8141000F4D3AC /* DetailCellView.swift in Sources */,
				42E8798B2FE8141000F4D3AC /* SearchBarView.swift in Sources */,
				42E8798C2FE8141000F4D3AC /* Fairings.swift in Sources */,
				42E8798D2FE8141000F4D3AC /* APIConstants.swift in Sources */,
				42E8798E2FE8141000F4D3AC /* BookmarkContainer.xcdatamodeld in Sources */,
				42E8798F2FE8141000F4D3AC /* HomeView.swift in Sources */,
				42E879902FE8141000F4D3AC /* CardViewModel.swift in Sources */,
				42E879912FE8141000F4D3AC /* GetCrews.swift in Sources */,
				42E879922FE8141000F4D3AC /* SpaceXApp.swift in Sources */,
				42E879932FE8141000F4D3AC /* SplashView.swift in Sources */,
				42E879942FE8141000F4D3AC /* DetailViewModel.swift in Sources */,
				42E879952FE8141000F4D3AC /* ImageSlider.swift in Sources */,
				42E879962FE8141000F4D3AC /* UserDefaults.swift in Sources */,
				42E879972FE8141000F4D3AC /* SearchMissions.swift in Sources */,
				42E879982FE8141000F4D3AC /* Flickr.swift in Sources */,
				42E879992FE8141000F4D3AC /* DataParser.swift in Sources */,
				42E8799A2FE8141000F4D3AC /* LaunchScreenStateManager.swift in Sources */,
				42E879A62FE8159C00F4D3AC /* LaunchRepository.swift in Sources */,
				42E8799B2FE8141000F4D3AC /* LaunchesDataSource.swift in Sources */,
				42E8799C2FE8141000F4D3AC /* APIManager.swift in Sources */,
			);
			runOnlyForDeploymentPostprocessing = 0;
		};
		9D51DC912A4ABA5000A29D4D /* Sources */ = {
			isa = PBXSourcesBuildPhase;
			buildActionMask = 2147483647;
			files = (
				9D51DC9A2A4ABA5000A29D4D /* SpaceXTests.swift in Sources */,
			);
			runOnlyForDeploymentPostprocessing = 0;
		};
		9D51DC9B2A4ABA5000A29D4D /* Sources */ = {
			isa = PBXSourcesBuildPhase;
			buildActionMask = 2147483647;
			files = (
				9D51DCA62A4ABA5000A29D4D /* SpaceXUITestsLaunchTests.swift in Sources */,
				9D51DCA42A4ABA5000A29D4D /* SpaceXUITests.swift in Sources */,
			);
			runOnlyForDeploymentPostprocessing = 0;
		};
/* End PBXSourcesBuildPhase section */

/* Begin PBXTargetDependency section */
		9D51DC972A4ABA5000A29D4D /* PBXTargetDependency */ = {
			isa = PBXTargetDependency;
			target = 9D51DC832A4ABA4D00A29D4D /* SpaceX */;
			targetProxy = 9D51DC962A4ABA5000A29D4D /* PBXContainerItemProxy */;
		};
		9D51DCA12A4ABA5000A29D4D /* PBXTargetDependency */ = {
			isa = PBXTargetDependency;
			target = 9D51DC832A4ABA4D00A29D4D /* SpaceX */;
			targetProxy = 9D51DCA02A4ABA5000A29D4D /* PBXContainerItemProxy */;
		};
/* End PBXTargetDependency section */

/* Begin XCBuildConfiguration section */
		9D51DCA72A4ABA5000A29D4D /* Debug */ = {
			isa = XCBuildConfiguration;
			buildSettings = {
				ALWAYS_SEARCH_USER_PATHS = NO;
				ASSETCATALOG_COMPILER_GENERATE_SWIFT_ASSET_SYMBOL_EXTENSIONS = YES;
				CLANG_ANALYZER_NONNULL = YES;
				CLANG_ANALYZER_NUMBER_OBJECT_CONVERSION = YES_AGGRESSIVE;
				CLANG_CXX_LANGUAGE_STANDARD = "gnu++20";
				CLANG_ENABLE_MODULES = YES;
				CLANG_ENABLE_OBJC_ARC = YES;
				CLANG_ENABLE_OBJC_WEAK = YES;
				CLANG_WARN_BLOCK_CAPTURE_AUTORELEASING = YES;
				CLANG_WARN_BOOL_CONVERSION = YES;
				CLANG_WARN_COMMA = YES;
				CLANG_WARN_CONSTANT_CONVERSION = YES;
				CLANG_WARN_DEPRECATED_OBJC_IMPLEMENTATIONS = YES;
				CLANG_WARN_DIRECT_OBJC_ISA_USAGE = YES_ERROR;
				CLANG_WARN_DOCUMENTATION_COMMENTS = YES;
				CLANG_WARN_EMPTY_BODY = YES;
				CLANG_WARN_ENUM_CONVERSION = YES;
				CLANG_WARN_INFINITE_RECURSION = YES;
				CLANG_WARN_INT_CONVERSION = YES;
				CLANG_WARN_NON_LITERAL_NULL_CONVERSION = YES;
				CLANG_WARN_OBJC_IMPLICIT_RETAIN_SELF = YES;
				CLANG_WARN_OBJC_LITERAL_CONVERSION = YES;
				CLANG_WARN_OBJC_ROOT_CLASS = YES_ERROR;
				CLANG_WARN_QUOTED_INCLUDE_IN_FRAMEWORK_HEADER = YES;
				CLANG_WARN_RANGE_LOOP_ANALYSIS = YES;
				CLANG_WARN_STRICT_PROTOTYPES = YES;
				CLANG_WARN_SUSPICIOUS_MOVE = YES;
				CLANG_WARN_UNGUARDED_AVAILABILITY = YES_AGGRESSIVE;
				CLANG_WARN_UNREACHABLE_CODE = YES;
				CLANG_WARN__DUPLICATE_METHOD_MATCH = YES;
				COPY_PHASE_STRIP = NO;
				DEBUG_INFORMATION_FORMAT = dwarf;
				ENABLE_STRICT_OBJC_MSGSEND = YES;
				ENABLE_TESTABILITY = YES;
				ENABLE_USER_SCRIPT_SANDBOXING = YES;
				GCC_C_LANGUAGE_STANDARD = gnu17;
				GCC_DYNAMIC_NO_PIC = NO;
				GCC_NO_COMMON_BLOCKS = YES;
				GCC_OPTIMIZATION_LEVEL = 0;
				GCC_PREPROCESSOR_DEFINITIONS = (
					"DEBUG=1",
					"$(inherited)",
				);
				GCC_WARN_64_TO_32_BIT_CONVERSION = YES;
				GCC_WARN_ABOUT_RETURN_TYPE = YES_ERROR;
				GCC_WARN_UNDECLARED_SELECTOR = YES;
				GCC_WARN_UNINITIALIZED_AUTOS = YES_AGGRESSIVE;
				GCC_WARN_UNUSED_FUNCTION = YES;
				GCC_WARN_UNUSED_VARIABLE = YES;
				IPHONEOS_DEPLOYMENT_TARGET = 17.0;
				LOCALIZATION_PREFERS_STRING_CATALOGS = YES;
				MTL_ENABLE_DEBUG_INFO = INCLUDE_SOURCE;
				MTL_FAST_MATH = YES;
				ONLY_ACTIVE_ARCH = YES;
				SWIFT_ACTIVE_COMPILATION_CONDITIONS = "DEBUG $(inherited)";
				SWIFT_OPTIMIZATION_LEVEL = "-Onone";
			};
			name = Debug;
		};
		9D51DCA82A4ABA5000A29D4D /* Release */ = {
			isa = XCBuildConfiguration;
			buildSettings = {
				ALWAYS_SEARCH_USER_PATHS = NO;
				ASSETCATALOG_COMPILER_GENERATE_SWIFT_ASSET_SYMBOL_EXTENSIONS = YES;
				CLANG_ANALYZER_NONNULL = YES;
				CLANG_ANALYZER_NUMBER_OBJECT_CONVERSION = YES_AGGRESSIVE;
				CLANG_CXX_LANGUAGE_STANDARD = "gnu++20";
				CLANG_ENABLE_MODULES = YES;
				CLANG_ENABLE_OBJC_ARC = YES;
				CLANG_ENABLE_OBJC_WEAK = YES;
				CLANG_WARN_BLOCK_CAPTURE_AUTORELEASING = YES;
				CLANG_WARN_BOOL_CONVERSION = YES;
				CLANG_WARN_COMMA = YES;
				CLANG_WARN_CONSTANT_CONVERSION = YES;
				CLANG_WARN_DEPRECATED_OBJC_IMPLEMENTATIONS = YES;
				CLANG_WARN_DIRECT_OBJC_ISA_USAGE = YES_ERROR;
				CLANG_WARN_DOCUMENTATION_COMMENTS = YES;
				CLANG_WARN_EMPTY_BODY = YES;
				CLANG_WARN_ENUM_CONVERSION = YES;
				CLANG_WARN_INFINITE_RECURSION = YES;
				CLANG_WARN_INT_CONVERSION = YES;
				CLANG_WARN_NON_LITERAL_NULL_CONVERSION = YES;
				CLANG_WARN_OBJC_IMPLICIT_RETAIN_SELF = YES;
				CLANG_WARN_OBJC_LITERAL_CONVERSION = YES;
				CLANG_WARN_OBJC_ROOT_CLASS = YES_ERROR;
				CLANG_WARN_QUOTED_INCLUDE_IN_FRAMEWORK_HEADER = YES;
				CLANG_WARN_RANGE_LOOP_ANALYSIS = YES;
				CLANG_WARN_STRICT_PROTOTYPES = YES;
				CLANG_WARN_SUSPICIOUS_MOVE = YES;
				CLANG_WARN_UNGUARDED_AVAILABILITY = YES_AGGRESSIVE;
				CLANG_WARN_UNREACHABLE_CODE = YES;
				CLANG_WARN__DUPLICATE_METHOD_MATCH = YES;
				COPY_PHASE_STRIP = NO;
				DEBUG_INFORMATION_FORMAT = "dwarf-with-dsym";
				ENABLE_NS_ASSERTIONS = NO;
				ENABLE_STRICT_OBJC_MSGSEND = YES;
				ENABLE_USER_SCRIPT_SANDBOXING = YES;
				GCC_C_LANGUAGE_STANDARD = gnu17;
				GCC_NO_COMMON_BLOCKS = YES;
				GCC_WARN_64_TO_32_BIT_CONVERSION = YES;
				GCC_WARN_ABOUT_RETURN_TYPE = YES_ERROR;
				GCC_WARN_UNDECLARED_SELECTOR = YES;
				GCC_WARN_UNINITIALIZED_AUTOS = YES_AGGRESSIVE;
				GCC_WARN_UNUSED_FUNCTION = YES;
				GCC_WARN_UNUSED_VARIABLE = YES;
				IPHONEOS_DEPLOYMENT_TARGET = 17.0;
				LOCALIZATION_PREFERS_STRING_CATALOGS = YES;
				MTL_ENABLE_DEBUG_INFO = NO;
				MTL_FAST_MATH = YES;
				SWIFT_COMPILATION_MODE = wholemodule;
			};
			name = Release;
		};
		9D51DCAA2A4ABA5000A29D4D /* Debug */ = {
			isa = XCBuildConfiguration;
			buildSettings = {
				ASSETCATALOG_COMPILER_APPICON_NAME = AppIcon;
				ASSETCATALOG_COMPILER_GLOBAL_ACCENT_COLOR_NAME = AccentColor;
				ASSETCATALOG_COMPILER_INCLUDE_ALL_APPICON_ASSETS = NO;
				CODE_SIGN_ENTITLEMENTS = SpaceX/SpaceX.entitlements;
				CODE_SIGN_STYLE = Automatic;
				CURRENT_PROJECT_VERSION = 1;
				DEVELOPMENT_ASSET_PATHS = "\"SpaceX/Preview Content\"";
				DEVELOPMENT_TEAM = 64KGYVM286;
				ENABLE_PREVIEWS = YES;
				GENERATE_INFOPLIST_FILE = YES;
				INFOPLIST_FILE = SpaceX/Info.plist;
				"INFOPLIST_KEY_UIApplicationSceneManifest_Generation[sdk=iphoneos*]" = YES;
				"INFOPLIST_KEY_UIApplicationSceneManifest_Generation[sdk=iphonesimulator*]" = YES;
				"INFOPLIST_KEY_UIApplicationSupportsIndirectInputEvents[sdk=iphoneos*]" = YES;
				"INFOPLIST_KEY_UIApplicationSupportsIndirectInputEvents[sdk=iphonesimulator*]" = YES;
				"INFOPLIST_KEY_UILaunchScreen_Generation[sdk=iphoneos*]" = YES;
				"INFOPLIST_KEY_UILaunchScreen_Generation[sdk=iphonesimulator*]" = YES;
				INFOPLIST_KEY_UILaunchStoryboardName = SplashScreen.storyboard;
				"INFOPLIST_KEY_UIStatusBarStyle[sdk=iphoneos*]" = UIStatusBarStyleDefault;
				"INFOPLIST_KEY_UIStatusBarStyle[sdk=iphonesimulator*]" = UIStatusBarStyleDefault;
				INFOPLIST_KEY_UISupportedInterfaceOrientations_iPad = "UIInterfaceOrientationPortrait UIInterfaceOrientationPortraitUpsideDown UIInterfaceOrientationLandscapeLeft UIInterfaceOrientationLandscapeRight";
				INFOPLIST_KEY_UISupportedInterfaceOrientations_iPhone = "UIInterfaceOrientationPortrait UIInterfaceOrientationLandscapeLeft UIInterfaceOrientationLandscapeRight";
				IPHONEOS_DEPLOYMENT_TARGET = 16.4;
				LD_RUNPATH_SEARCH_PATHS = "@executable_path/Frameworks";
				"LD_RUNPATH_SEARCH_PATHS[sdk=macosx*]" = "@executable_path/../Frameworks";
				MACOSX_DEPLOYMENT_TARGET = 14.0;
				MARKETING_VERSION = 1.0;
				PRODUCT_BUNDLE_IDENTIFIER = arman.SpaceX;
				PRODUCT_NAME = "$(TARGET_NAME)";
				SDKROOT = auto;
				SUPPORTED_PLATFORMS = "iphoneos iphonesimulator macosx";
				SWIFT_EMIT_LOC_STRINGS = YES;
				SWIFT_VERSION = 5.0;
				TARGETED_DEVICE_FAMILY = "1,2";
			};
			name = Debug;
		};
		9D51DCAB2A4ABA5000A29D4D /* Release */ = {
			isa = XCBuildConfiguration;
			buildSettings = {
				ASSETCATALOG_COMPILER_APPICON_NAME = AppIcon;
				ASSETCATALOG_COMPILER_GLOBAL_ACCENT_COLOR_NAME = AccentColor;
				ASSETCATALOG_COMPILER_INCLUDE_ALL_APPICON_ASSETS = NO;
				CODE_SIGN_ENTITLEMENTS = SpaceX/SpaceX.entitlements;
				CODE_SIGN_STYLE = Automatic;
				CURRENT_PROJECT_VERSION = 1;
				DEVELOPMENT_ASSET_PATHS = "\"SpaceX/Preview Content\"";
				DEVELOPMENT_TEAM = 64KGYVM286;
				ENABLE_PREVIEWS = YES;
				GENERATE_INFOPLIST_FILE = YES;
				INFOPLIST_FILE = SpaceX/Info.plist;
				"INFOPLIST_KEY_UIApplicationSceneManifest_Generation[sdk=iphoneos*]" = YES;
				"INFOPLIST_KEY_UIApplicationSceneManifest_Generation[sdk=iphonesimulator*]" = YES;
				"INFOPLIST_KEY_UIApplicationSupportsIndirectInputEvents[sdk=iphoneos*]" = YES;
				"INFOPLIST_KEY_UIApplicationSupportsIndirectInputEvents[sdk=iphonesimulator*]" = YES;
				"INFOPLIST_KEY_UILaunchScreen_Generation[sdk=iphoneos*]" = YES;
				"INFOPLIST_KEY_UILaunchScreen_Generation[sdk=iphonesimulator*]" = YES;
				INFOPLIST_KEY_UILaunchStoryboardName = SplashScreen.storyboard;
				"INFOPLIST_KEY_UIStatusBarStyle[sdk=iphoneos*]" = UIStatusBarStyleDefault;
				"INFOPLIST_KEY_UIStatusBarStyle[sdk=iphonesimulator*]" = UIStatusBarStyleDefault;
				INFOPLIST_KEY_UISupportedInterfaceOrientations_iPad = "UIInterfaceOrientationPortrait UIInterfaceOrientationPortraitUpsideDown UIInterfaceOrientationLandscapeLeft UIInterfaceOrientationLandscapeRight";
				INFOPLIST_KEY_UISupportedInterfaceOrientations_iPhone = "UIInterfaceOrientationPortrait UIInterfaceOrientationLandscapeLeft UIInterfaceOrientationLandscapeRight";
				IPHONEOS_DEPLOYMENT_TARGET = 16.4;
				LD_RUNPATH_SEARCH_PATHS = "@executable_path/Frameworks";
				"LD_RUNPATH_SEARCH_PATHS[sdk=macosx*]" = "@executable_path/../Frameworks";
				MACOSX_DEPLOYMENT_TARGET = 14.0;
				MARKETING_VERSION = 1.0;
				PRODUCT_BUNDLE_IDENTIFIER = arman.SpaceX;
				PRODUCT_NAME = "$(TARGET_NAME)";
				SDKROOT = auto;
				SUPPORTED_PLATFORMS = "iphoneos iphonesimulator macosx";
				SWIFT_EMIT_LOC_STRINGS = YES;
				SWIFT_VERSION = 5.0;
				TARGETED_DEVICE_FAMILY = "1,2";
			};
			name = Release;
		};
		9D51DCAD2A4ABA5000A29D4D /* Debug */ = {
			isa = XCBuildConfiguration;
			buildSettings = {
				ALWAYS_EMBED_SWIFT_STANDARD_LIBRARIES = YES;
				BUNDLE_LOADER = "$(TEST_HOST)";
				CODE_SIGN_STYLE = Automatic;
				CURRENT_PROJECT_VERSION = 1;
				GENERATE_INFOPLIST_FILE = YES;
				IPHONEOS_DEPLOYMENT_TARGET = 17.0;
				MACOSX_DEPLOYMENT_TARGET = 14.0;
				MARKETING_VERSION = 1.0;
				PRODUCT_BUNDLE_IDENTIFIER = arman.SpaceXTests;
				PRODUCT_NAME = "$(TARGET_NAME)";
				SDKROOT = auto;
				SUPPORTED_PLATFORMS = "iphoneos iphonesimulator macosx";
				SWIFT_EMIT_LOC_STRINGS = NO;
				SWIFT_VERSION = 5.0;
				TARGETED_DEVICE_FAMILY = "1,2";
				TEST_HOST = "$(BUILT_PRODUCTS_DIR)/SpaceX.app/$(BUNDLE_EXECUTABLE_FOLDER_PATH)/SpaceX";
			};
			name = Debug;
		};
		9D51DCAE2A4ABA5000A29D4D /* Release */ = {
			isa = XCBuildConfiguration;
			buildSettings = {
				ALWAYS_EMBED_SWIFT_STANDARD_LIBRARIES = YES;
				BUNDLE_LOADER = "$(TEST_HOST)";
				CODE_SIGN_STYLE = Automatic;
				CURRENT_PROJECT_VERSION = 1;
				GENERATE_INFOPLIST_FILE = YES;
				IPHONEOS_DEPLOYMENT_TARGET = 17.0;
				MACOSX_DEPLOYMENT_TARGET = 14.0;
				MARKETING_VERSION = 1.0;
				PRODUCT_BUNDLE_IDENTIFIER = arman.SpaceXTests;
				PRODUCT_NAME = "$(TARGET_NAME)";
				SDKROOT = auto;
				SUPPORTED_PLATFORMS = "iphoneos iphonesimulator macosx";
				SWIFT_EMIT_LOC_STRINGS = NO;
				SWIFT_VERSION = 5.0;
				TARGETED_DEVICE_FAMILY = "1,2";
				TEST_HOST = "$(BUILT_PRODUCTS_DIR)/SpaceX.app/$(BUNDLE_EXECUTABLE_FOLDER_PATH)/SpaceX";
			};
			name = Release;
		};
		9D51DCB02A4ABA5000A29D4D /* Debug */ = {
			isa = XCBuildConfiguration;
			buildSettings = {
				ALWAYS_EMBED_SWIFT_STANDARD_LIBRARIES = YES;
				CODE_SIGN_STYLE = Automatic;
				CURRENT_PROJECT_VERSION = 1;
				GENERATE_INFOPLIST_FILE = YES;
				IPHONEOS_DEPLOYMENT_TARGET = 17.0;
				MACOSX_DEPLOYMENT_TARGET = 14.0;
				MARKETING_VERSION = 1.0;
				PRODUCT_BUNDLE_IDENTIFIER = arman.SpaceXUITests;
				PRODUCT_NAME = "$(TARGET_NAME)";
				SDKROOT = auto;
				SUPPORTED_PLATFORMS = "iphoneos iphonesimulator macosx";
				SWIFT_EMIT_LOC_STRINGS = NO;
				SWIFT_VERSION = 5.0;
				TARGETED_DEVICE_FAMILY = "1,2";
				TEST_TARGET_NAME = SpaceX;
			};
			name = Debug;
		};
		9D51DCB12A4ABA5000A29D4D /* Release */ = {
			isa = XCBuildConfiguration;
			buildSettings = {
				ALWAYS_EMBED_SWIFT_STANDARD_LIBRARIES = YES;
				CODE_SIGN_STYLE = Automatic;
				CURRENT_PROJECT_VERSION = 1;
				GENERATE_INFOPLIST_FILE = YES;
				IPHONEOS_DEPLOYMENT_TARGET = 17.0;
				MACOSX_DEPLOYMENT_TARGET = 14.0;
				MARKETING_VERSION = 1.0;
				PRODUCT_BUNDLE_IDENTIFIER = arman.SpaceXUITests;
				PRODUCT_NAME = "$(TARGET_NAME)";
				SDKROOT = auto;
				SUPPORTED_PLATFORMS = "iphoneos iphonesimulator macosx";
				SWIFT_EMIT_LOC_STRINGS = NO;
				SWIFT_VERSION = 5.0;
				TARGETED_DEVICE_FAMILY = "1,2";
				TEST_TARGET_NAME = SpaceX;
			};
			name = Release;
		};
/* End XCBuildConfiguration section */

/* Begin XCConfigurationList section */
		9D51DC7F2A4ABA4D00A29D4D /* Build configuration list for PBXProject "SpaceX" */ = {
			isa = XCConfigurationList;
			buildConfigurations = (
				9D51DCA72A4ABA5000A29D4D /* Debug */,
				9D51DCA82A4ABA5000A29D4D /* Release */,
			);
			defaultConfigurationIsVisible = 0;
			defaultConfigurationName = Release;
		};
		9D51DCA92A4ABA5000A29D4D /* Build configuration list for PBXNativeTarget "SpaceX" */ = {
			isa = XCConfigurationList;
			buildConfigurations = (
				9D51DCAA2A4ABA5000A29D4D /* Debug */,
				9D51DCAB2A4ABA5000A29D4D /* Release */,
			);
			defaultConfigurationIsVisible = 0;
			defaultConfigurationName = Release;
		};
		9D51DCAC2A4ABA5000A29D4D /* Build configuration list for PBXNativeTarget "SpaceXTests" */ = {
			isa = XCConfigurationList;
			buildConfigurations = (
				9D51DCAD2A4ABA5000A29D4D /* Debug */,
				9D51DCAE2A4ABA5000A29D4D /* Release */,
			);
			defaultConfigurationIsVisible = 0;
			defaultConfigurationName = Release;
		};
		9D51DCAF2A4ABA5000A29D4D /* Build configuration list for PBXNativeTarget "SpaceXUITests" */ = {
			isa = XCConfigurationList;
			buildConfigurations = (
				9D51DCB02A4ABA5000A29D4D /* Debug */,
				9D51DCB12A4ABA5000A29D4D /* Release */,
			);
			defaultConfigurationIsVisible = 0;
			defaultConfigurationName = Release;
		};
/* End XCConfigurationList section */

/* Begin XCVersionGroup section */
		42E879462FE8141000F4D3AC /* BookmarkContainer.xcdatamodeld */ = {
			isa = XCVersionGroup;
			children = (
				42E879702FE8141000F4D3AC /* BookmarkContainer.xcdatamodel */,
			);
			currentVersion = 42E879702FE8141000F4D3AC /* BookmarkContainer.xcdatamodel */;
			path = BookmarkContainer.xcdatamodeld;
			sourceTree = "<group>";
			versionGroupType = wrapper.xcdatamodel;
		};
/* End XCVersionGroup section */
	};
	rootObject = 9D51DC7C2A4ABA4D00A29D4D /* Project object */;
}
